
Microsoft Visual Studio Solution File, Format Version 12.00
# Visual Studio Version 17
VisualStudioVersion = 17.4.33213.308
MinimumVisualStudioVersion = 10.0.40219.1
Project("{9A19103F-16F7-4668-BE54-9A1E7A4F7556}") = "teht 13", "teht 13.csproj", "{E51E7E4B-17EA-4382-8825-CFB60AA16832}"
EndProject
Global
	GlobalSection(SolutionConfigurationPlatforms) = preSolution
		Debug|Any CPU = Debug|Any CPU
		Release|Any CPU = Release|Any CPU
	EndGlobalSection
	GlobalSection(ProjectConfigurationPlatforms) = postSolution
		{E51E7E4B-17EA-4382-8825-CFB60AA16832}.Debug|Any CPU.ActiveCfg = Debug|Any CPU
		{E51E7E4B-17EA-4382-8825-CFB60AA16832}.Debug|Any CPU.Build.0 = Debug|Any CPU
		{E51E7E4B-17EA-4382-8825-CFB60AA16832}.Release|Any CPU.ActiveCfg = Release|Any CPU
		{E51E7E4B-17EA-4382-8825-CFB60AA16832}.Release|Any CPU.Build.0 = Release|Any CPU
	EndGlobalSection
	GlobalSection(SolutionProperties) = preSolution
		HideSolutionNode = FALSE
	EndGlobalSection
	GlobalSection(ExtensibilityGlobals) = postSolution
		SolutionGuid = {27BEADC5-C493-4FD2-81BE-BEF4909AEC3D}
	EndGlobalSection
EndGlobal
