
Microsoft Visual Studio Solution File, Format Version 12.00
# Visual Studio Version 17
VisualStudioVersion = 17.4.33213.308
MinimumVisualStudioVersion = 10.0.40219.1
Project("{FAE04EC0-301F-11D3-BF4B-00C04F79EFBC}") = "eka teht 1", "eka teht 1\eka teht 1.csproj", "{B958B8FC-591F-40EE-B428-F2E063332753}"
EndProject
Global
	GlobalSection(SolutionConfigurationPlatforms) = preSolution
		Debug|Any CPU = Debug|Any CPU
		Release|Any CPU = Release|Any CPU
	EndGlobalSection
	GlobalSection(ProjectConfigurationPlatforms) = postSolution
		{B958B8FC-591F-40EE-B428-F2E063332753}.Debug|Any CPU.ActiveCfg = Debug|Any CPU
		{B958B8FC-591F-40EE-B428-F2E063332753}.Debug|Any CPU.Build.0 = Debug|Any CPU
		{B958B8FC-591F-40EE-B428-F2E063332753}.Release|Any CPU.ActiveCfg = Release|Any CPU
		{B958B8FC-591F-40EE-B428-F2E063332753}.Release|Any CPU.Build.0 = Release|Any CPU
	EndGlobalSection
	GlobalSection(SolutionProperties) = preSolution
		HideSolutionNode = FALSE
	EndGlobalSection
	GlobalSection(ExtensibilityGlobals) = postSolution
		SolutionGuid = {39A2944E-8F5F-4B23-BB59-F4A6DF9519F9}
	EndGlobalSection
EndGlobal
