
Microsoft Visual Studio Solution File, Format Version 12.00
# Visual Studio Version 17
VisualStudioVersion = 17.4.33213.308
MinimumVisualStudioVersion = 10.0.40219.1
Project("{FAE04EC0-301F-11D3-BF4B-00C04F79EFBC}") = "harjoitus4", "harjoitus4\harjoitus4.csproj", "{8FC37684-1622-405D-971F-80B0C7D80BBB}"
EndProject
Global
	GlobalSection(SolutionConfigurationPlatforms) = preSolution
		Debug|Any CPU = Debug|Any CPU
		Release|Any CPU = Release|Any CPU
	EndGlobalSection
	GlobalSection(ProjectConfigurationPlatforms) = postSolution
		{8FC37684-1622-405D-971F-80B0C7D80BBB}.Debug|Any CPU.ActiveCfg = Debug|Any CPU
		{8FC37684-1622-405D-971F-80B0C7D80BBB}.Debug|Any CPU.Build.0 = Debug|Any CPU
		{8FC37684-1622-405D-971F-80B0C7D80BBB}.Release|Any CPU.ActiveCfg = Release|Any CPU
		{8FC37684-1622-405D-971F-80B0C7D80BBB}.Release|Any CPU.Build.0 = Release|Any CPU
	EndGlobalSection
	GlobalSection(SolutionProperties) = preSolution
		HideSolutionNode = FALSE
	EndGlobalSection
	GlobalSection(ExtensibilityGlobals) = postSolution
		SolutionGuid = {080367C7-AF0C-48A2-BF7E-0513AB2EF508}
	EndGlobalSection
EndGlobal
