
Microsoft Visual Studio Solution File, Format Version 12.00
# Visual Studio Version 17
VisualStudioVersion = 17.4.33213.308
MinimumVisualStudioVersion = 10.0.40219.1
Project("{9A19103F-16F7-4668-BE54-9A1E7A4F7556}") = "kolmas teht1", "kolmas teht1\kolmas teht1.csproj", "{8BC2EB90-6E6A-4329-87C0-2E68BDAC054B}"
EndProject
Project("{FAE04EC0-301F-11D3-BF4B-00C04F79EFBC}") = "teht 2", "teht 2\teht 2.csproj", "{0613C1AC-23DE-4BD7-998D-8DACDA83868A}"
EndProject
Project("{FAE04EC0-301F-11D3-BF4B-00C04F79EFBC}") = "teht 3", "teht 3\teht 3.csproj", "{383861C9-F4C5-4F46-AE4E-0070F0354855}"
EndProject
Project("{FAE04EC0-301F-11D3-BF4B-00C04F79EFBC}") = "teht 4", "teht 4\teht 4.csproj", "{AA78A126-6561-487B-B679-35D970BD1BC8}"
EndProject
Global
	GlobalSection(SolutionConfigurationPlatforms) = preSolution
		Debug|Any CPU = Debug|Any CPU
		Release|Any CPU = Release|Any CPU
	EndGlobalSection
	GlobalSection(ProjectConfigurationPlatforms) = postSolution
		{8BC2EB90-6E6A-4329-87C0-2E68BDAC054B}.Debug|Any CPU.ActiveCfg = Debug|Any CPU
		{8BC2EB90-6E6A-4329-87C0-2E68BDAC054B}.Debug|Any CPU.Build.0 = Debug|Any CPU
		{8BC2EB90-6E6A-4329-87C0-2E68BDAC054B}.Release|Any CPU.ActiveCfg = Release|Any CPU
		{8BC2EB90-6E6A-4329-87C0-2E68BDAC054B}.Release|Any CPU.Build.0 = Release|Any CPU
		{0613C1AC-23DE-4BD7-998D-8DACDA83868A}.Debug|Any CPU.ActiveCfg = Debug|Any CPU
		{0613C1AC-23DE-4BD7-998D-8DACDA83868A}.Debug|Any CPU.Build.0 = Debug|Any CPU
		{0613C1AC-23DE-4BD7-998D-8DACDA83868A}.Release|Any CPU.ActiveCfg = Release|Any CPU
		{0613C1AC-23DE-4BD7-998D-8DACDA83868A}.Release|Any CPU.Build.0 = Release|Any CPU
		{383861C9-F4C5-4F46-AE4E-0070F0354855}.Debug|Any CPU.ActiveCfg = Debug|Any CPU
		{383861C9-F4C5-4F46-AE4E-0070F0354855}.Debug|Any CPU.Build.0 = Debug|Any CPU
		{383861C9-F4C5-4F46-AE4E-0070F0354855}.Release|Any CPU.ActiveCfg = Release|Any CPU
		{383861C9-F4C5-4F46-AE4E-0070F0354855}.Release|Any CPU.Build.0 = Release|Any CPU
		{AA78A126-6561-487B-B679-35D970BD1BC8}.Debug|Any CPU.ActiveCfg = Debug|Any CPU
		{AA78A126-6561-487B-B679-35D970BD1BC8}.Debug|Any CPU.Build.0 = Debug|Any CPU
		{AA78A126-6561-487B-B679-35D970BD1BC8}.Release|Any CPU.ActiveCfg = Release|Any CPU
		{AA78A126-6561-487B-B679-35D970BD1BC8}.Release|Any CPU.Build.0 = Release|Any CPU
	EndGlobalSection
	GlobalSection(SolutionProperties) = preSolution
		HideSolutionNode = FALSE
	EndGlobalSection
	GlobalSection(ExtensibilityGlobals) = postSolution
		SolutionGuid = {4C0DB167-E654-47B8-9995-9D0109730DEB}
	EndGlobalSection
EndGlobal
