
Microsoft Visual Studio Solution File, Format Version 12.00
# Visual Studio Version 17
VisualStudioVersion = 17.4.33213.308
MinimumVisualStudioVersion = 10.0.40219.1
Project("{FAE04EC0-301F-11D3-BF4B-00C04F79EFBC}") = "Harjoitus3", "Harjoitus3\Harjoitus3.csproj", "{BA103E4E-47AF-4041-9243-1F3DB65A104B}"
EndProject
Global
	GlobalSection(SolutionConfigurationPlatforms) = preSolution
		Debug|Any CPU = Debug|Any CPU
		Release|Any CPU = Release|Any CPU
	EndGlobalSection
	GlobalSection(ProjectConfigurationPlatforms) = postSolution
		{BA103E4E-47AF-4041-9243-1F3DB65A104B}.Debug|Any CPU.ActiveCfg = Debug|Any CPU
		{BA103E4E-47AF-4041-9243-1F3DB65A104B}.Debug|Any CPU.Build.0 = Debug|Any CPU
		{BA103E4E-47AF-4041-9243-1F3DB65A104B}.Release|Any CPU.ActiveCfg = Release|Any CPU
		{BA103E4E-47AF-4041-9243-1F3DB65A104B}.Release|Any CPU.Build.0 = Release|Any CPU
	EndGlobalSection
	GlobalSection(SolutionProperties) = preSolution
		HideSolutionNode = FALSE
	EndGlobalSection
	GlobalSection(ExtensibilityGlobals) = postSolution
		SolutionGuid = {BB6D5CED-1B7A-4433-90F4-914AABB2F5BB}
	EndGlobalSection
EndGlobal
